
Microsoft Visual Studio Solution File, Format Version 12.00
# Visual Studio Version 16
VisualStudioVersion = 16.0.31624.102
MinimumVisualStudioVersion = 10.0.40219.1
Project("{8BC9CEB8-8B4A-11D0-8D11-00A0C91BC942}") = "ALL_BUILD", "ALL_BUILD.vcxproj", "{A3A288DA-B435-3C6D-A3AE-4DDB5EDDC2FE}"
	ProjectSection(ProjectDependencies) = postProject
		{905479DD-541E-3B5A-9F9F-AA817B1ED729} = {905479DD-541E-3B5A-9F9F-AA817B1ED729}
		{CF8B0FE7-38BB-3333-BD89-371F770529F9} = {CF8B0FE7-38BB-3333-BD89-371F770529F9}
	EndProjectSection
EndProject
Project("{8BC9CEB8-8B4A-11D0-8D11-00A0C91BC942}") = "Laba", "Laba.vcxproj", "{905479DD-541E-3B5A-9F9F-AA817B1ED729}"
	ProjectSection(ProjectDependencies) = postProject
		{CF8B0FE7-38BB-3333-BD89-371F770529F9} = {CF8B0FE7-38BB-3333-BD89-371F770529F9}
	EndProjectSection
EndProject
Project("{8BC9CEB8-8B4A-11D0-8D11-00A0C91BC942}") = "ZERO_CHECK", "ZERO_CHECK.vcxproj", "{CF8B0FE7-38BB-3333-BD89-371F770529F9}"
EndProject
Global
	GlobalSection(SolutionConfigurationPlatforms) = preSolution
		Debug|x64 = Debug|x64
		Release|x64 = Release|x64
	EndGlobalSection
	GlobalSection(ProjectConfigurationPlatforms) = postSolution
		{A3A288DA-B435-3C6D-A3AE-4DDB5EDDC2FE}.Debug|x64.ActiveCfg = Debug|x64
		{A3A288DA-B435-3C6D-A3AE-4DDB5EDDC2FE}.Release|x64.ActiveCfg = Release|x64
		{905479DD-541E-3B5A-9F9F-AA817B1ED729}.Debug|x64.ActiveCfg = Debug|x64
		{905479DD-541E-3B5A-9F9F-AA817B1ED729}.Debug|x64.Build.0 = Debug|x64
		{905479DD-541E-3B5A-9F9F-AA817B1ED729}.Release|x64.ActiveCfg = Release|x64
		{905479DD-541E-3B5A-9F9F-AA817B1ED729}.Release|x64.Build.0 = Release|x64
		{CF8B0FE7-38BB-3333-BD89-371F770529F9}.Debug|x64.ActiveCfg = Debug|x64
		{CF8B0FE7-38BB-3333-BD89-371F770529F9}.Debug|x64.Build.0 = Debug|x64
		{CF8B0FE7-38BB-3333-BD89-371F770529F9}.Release|x64.ActiveCfg = Release|x64
		{CF8B0FE7-38BB-3333-BD89-371F770529F9}.Release|x64.Build.0 = Release|x64
	EndGlobalSection
	GlobalSection(SolutionProperties) = preSolution
		HideSolutionNode = FALSE
	EndGlobalSection
	GlobalSection(ExtensibilityGlobals) = postSolution
		SolutionGuid = {93861DA9-C41D-35D4-B127-C02A6F9C044B}
	EndGlobalSection
EndGlobal
